<?xml version="1.0" encoding="utf-8"?>
<Project ToolsVersion="4.0" xmlns="http://schemas.microsoft.com/developer/msbuild/2003">
  <ItemGroup>
    <Filter Include="Source Files">
      <UniqueIdentifier>{4FC737F1-C7A5-4376-A066-2A32D752A2FF}</UniqueIdentifier>
      <Extensions>cpp;c;cc;cxx;def;odl;idl;hpj;bat;asm;asmx</Extensions>
    </Filter>
    <Filter Include="Header Files">
      <UniqueIdentifier>{93995380-89BD-4b04-88EB-625FBE52EBFB}</UniqueIdentifier>
      <Extensions>h;hh;hpp;hxx;hm;inl;inc;xsd</Extensions>
    </Filter>
    <Filter Include="Resource Files">
      <UniqueIdentifier>{67DA6AB6-F800-4c08-8B7A-83BB121AAD01}</UniqueIdentifier>
      <Extensions>rc;ico;cur;bmp;dlg;rc2;rct;bin;rgs;gif;jpg;jpeg;jpe;resx;tiff;tif;png;wav;mfcribbon-ms</Extensions>
    </Filter>
    <Filter Include="Header Files\Data">
      <UniqueIdentifier>{94494705-1a99-4920-af55-4a456c9e1fa6}</UniqueIdentifier>
    </Filter>
    <Filter Include="Header Files\Engine">
      <UniqueIdentifier>{a044216b-2eb3-46ff-beb5-c091dbf60889}</UniqueIdentifier>
    </Filter>
    <Filter Include="Resource Files\Games">
      <UniqueIdentifier>{7e6c22eb-4b71-464d-9ed9-c93ff9ef7e5b}</UniqueIdentifier>
    </Filter>
    <Filter Include="Header Files\Hardware">
      <UniqueIdentifier>{83e31692-5e1b-4f9e-ba47-a980228ca657}</UniqueIdentifier>
    </Filter>
  </ItemGroup>
  <ItemGroup>
    <None Include="openTileEngine.ino" />
  </ItemGroup>
  <ItemGroup>
    <ClInclude Include="__vm\.openTileEngine.vsarduino.h">
      <Filter>Header Files</Filter>
    </ClInclude>
    <ClInclude Include="gameObject.h">
      <Filter>Header Files\Engine</Filter>
    </ClInclude>
    <ClInclude Include="sprite.h">
      <Filter>Header Files\Engine</Filter>
    </ClInclude>
    <ClInclude Include="tilengine.h">
      <Filter>Header Files\Engine</Filter>
    </ClInclude>
    <ClInclude Include="variableType.h">
      <Filter>Header Files\Engine</Filter>
    </ClInclude>
    <ClInclude Include="gameEvent.h">
      <Filter>Header Files\Engine</Filter>
    </ClInclude>
    <ClInclude Include="mushroomGame.h">
      <Filter>Resource Files\Games</Filter>
    </ClInclude>
    <ClInclude Include="mushroomMaps.h">
      <Filter>Resource Files\Games</Filter>
    </ClInclude>
    <ClInclude Include="bitmaps.h">
      <Filter>Resource Files\Games</Filter>
    </ClInclude>
    <ClInclude Include="physics.h">
      <Filter>Header Files\Engine</Filter>
    </ClInclude>
    <ClInclude Include="inputOutput.h">
      <Filter>Header Files\Hardware</Filter>
    </ClInclude>
    <ClInclude Include="mushroomLevels.h">
      <Filter>Header Files\Data</Filter>
    </ClInclude>
  </ItemGroup>
  <ItemGroup>
    <ClCompile Include="mushroomGame.cpp">
      <Filter>Resource Files\Games</Filter>
    </ClCompile>
    <ClCompile Include="gameEvent.cpp">
      <Filter>Header Files\Engine</Filter>
    </ClCompile>
    <ClCompile Include="gameObject.cpp">
      <Filter>Header Files\Engine</Filter>
    </ClCompile>
    <ClCompile Include="physics.cpp">
      <Filter>Header Files\Engine</Filter>
    </ClCompile>
    <ClCompile Include="inputOutput.cpp">
      <Filter>Header Files\Hardware</Filter>
    </ClCompile>
    <ClCompile Include="tilengine.cpp">
      <Filter>Header Files\Engine</Filter>
    </ClCompile>
    <ClCompile Include="sprite.cpp">
      <Filter>Header Files\Engine</Filter>
    </ClCompile>
    <ClCompile Include="mushroomLevels.cpp">
      <Filter>Header Files\Data</Filter>
    </ClCompile>
  </ItemGroup>
</Project>